// !$*UTF8*$!
{
	archiveVersion = 1;
	classes = {
	};
	objectVersion = 56;
	objects = {

/* Begin PBXBuildFile section */
		FA2FC49D2BD4A71200CBEC53 /* GDS_HackatonApp.swift in Sources */ = {isa = PBXBuildFile; fileRef = FA2FC49C2BD4A71200CBEC53 /* GDS_HackatonApp.swift */; };
		FA2FC49F2BD4A71200CBEC53 /* ContentView.swift in Sources */ = {isa = PBXBuildFile; fileRef = FA2FC49E2BD4A71200CBEC53 /* ContentView.swift */; };
		FA2FC4A12BD4A71300CBEC53 /* Assets.xcassets in Resources */ = {isa = PBXBuildFile; fileRef = FA2FC4A02BD4A71300CBEC53 /* Assets.xcassets */; };
		FA2FC4A42BD4A71300CBEC53 /* Preview Assets.xcassets in Resources */ = {isa = PBXBuildFile; fileRef = FA2FC4A32BD4A71300CBEC53 /* Preview Assets.xcassets */; };
		FA2FC4AE2BD4A76600CBEC53 /* LocationManager.swift in Sources */ = {isa = PBXBuildFile; fileRef = FA2FC4AD2BD4A76600CBEC53 /* LocationManager.swift */; };
		FA2FC4B12BD4A81800CBEC53 /* FundamentalView.swift in Sources */ = {isa = PBXBuildFile; fileRef = FA2FC4B02BD4A81800CBEC53 /* FundamentalView.swift */; };
		FA2FC4B42BD4BEF900CBEC53 /* Message.swift in Sources */ = {isa = PBXBuildFile; fileRef = FA2FC4B32BD4BEF900CBEC53 /* Message.swift */; };
		FA2FC4B62BD4C08700CBEC53 /* Attraction.swift in Sources */ = {isa = PBXBuildFile; fileRef = FA2FC4B52BD4C08700CBEC53 /* Attraction.swift */; };
		FA2FC4B82BD4D35F00CBEC53 /* AttractionView.swift in Sources */ = {isa = PBXBuildFile; fileRef = FA2FC4B72BD4D35F00CBEC53 /* AttractionView.swift */; };
		FA2FC4BA2BD4D8A200CBEC53 /* ChatView.swift in Sources */ = {isa = PBXBuildFile; fileRef = FA2FC4B92BD4D8A200CBEC53 /* ChatView.swift */; };
		FA2FC4BC2BD4D8FB00CBEC53 /* AttractionsListView.swift in Sources */ = {isa = PBXBuildFile; fileRef = FA2FC4BB2BD4D8FB00CBEC53 /* AttractionsListView.swift */; };
		FA2FC4BF2BD4DDA400CBEC53 /* UsefulFunctions.swift in Sources */ = {isa = PBXBuildFile; fileRef = FA2FC4BE2BD4DDA400CBEC53 /* UsefulFunctions.swift */; };
/* End PBXBuildFile section */

/* Begin PBXFileReference section */
		FA2FC4992BD4A71200CBEC53 /* GDS Hackaton.app */ = {isa = PBXFileReference; explicitFileType = wrapper.application; includeInIndex = 0; path = "GDS Hackaton.app"; sourceTree = BUILT_PRODUCTS_DIR; };
		FA2FC49C2BD4A71200CBEC53 /* GDS_HackatonApp.swift */ = {isa = PBXFileReference; lastKnownFileType = sourcecode.swift; path = GDS_HackatonApp.swift; sourceTree = "<group>"; };
		FA2FC49E2BD4A71200CBEC53 /* ContentView.swift */ = {isa = PBXFileReference; lastKnownFileType = sourcecode.swift; path = ContentView.swift; sourceTree = "<group>"; };
		FA2FC4A02BD4A71300CBEC53 /* Assets.xcassets */ = {isa = PBXFileReference; lastKnownFileType = folder.assetcatalog; path = Assets.xcassets; sourceTree = "<group>"; };
		FA2FC4A32BD4A71300CBEC53 /* Preview Assets.xcassets */ = {isa = PBXFileReference; lastKnownFileType = folder.assetcatalog; path = "Preview Assets.xcassets"; sourceTree = "<group>"; };
		FA2FC4AD2BD4A76600CBEC53 /* LocationManager.swift */ = {isa = PBXFileReference; lastKnownFileType = sourcecode.swift; path = LocationManager.swift; sourceTree = "<group>"; };
		FA2FC4B02BD4A81800CBEC53 /* FundamentalView.swift */ = {isa = PBXFileReference; lastKnownFileType = sourcecode.swift; path = FundamentalView.swift; sourceTree = "<group>"; };
		FA2FC4B32BD4BEF900CBEC53 /* Message.swift */ = {isa = PBXFileReference; lastKnownFileType = sourcecode.swift; path = Message.swift; sourceTree = "<group>"; };
		FA2FC4B52BD4C08700CBEC53 /* Attraction.swift */ = {isa = PBXFileReference; lastKnownFileType = sourcecode.swift; path = Attraction.swift; sourceTree = "<group>"; };
		FA2FC4B72BD4D35F00CBEC53 /* AttractionView.swift */ = {isa = PBXFileReference; lastKnownFileType = sourcecode.swift; path = AttractionView.swift; sourceTree = "<group>"; };
		FA2FC4B92BD4D8A200CBEC53 /* ChatView.swift */ = {isa = PBXFileReference; lastKnownFileType = sourcecode.swift; path = ChatView.swift; sourceTree = "<group>"; };
		FA2FC4BB2BD4D8FB00CBEC53 /* AttractionsListView.swift */ = {isa = PBXFileReference; lastKnownFileType = sourcecode.swift; path = AttractionsListView.swift; sourceTree = "<group>"; };
		FA2FC4BE2BD4DDA400CBEC53 /* UsefulFunctions.swift */ = {isa = PBXFileReference; lastKnownFileType = sourcecode.swift; path = UsefulFunctions.swift; sourceTree = "<group>"; };
		FA6E86722BD503BB006A2F8F /* GDS-Hackaton-Info.plist */ = {isa = PBXFileReference; lastKnownFileType = text.plist; path = "GDS-Hackaton-Info.plist"; sourceTree = SOURCE_ROOT; };
/* End PBXFileReference section */

/* Begin PBXFrameworksBuildPhase section */
		FA2FC4962BD4A71200CBEC53 /* Frameworks */ = {
			isa = PBXFrameworksBuildPhase;
			buildActionMask = 2147483647;
			files = (
			);
			runOnlyForDeploymentPostprocessing = 0;
		};
/* End PBXFrameworksBuildPhase section */

/* Begin PBXGroup section */
		FA2FC4902BD4A71200CBEC53 = {
			isa = PBXGroup;
			children = (
				FA2FC49B2BD4A71200CBEC53 /* GDS Hackaton */,
				FA2FC49A2BD4A71200CBEC53 /* Products */,
			);
			sourceTree = "<group>";
		};
		FA2FC49A2BD4A71200CBEC53 /* Products */ = {
			isa = PBXGroup;
			children = (
				FA2FC4992BD4A71200CBEC53 /* GDS Hackaton.app */,
			);
			name = Products;
			sourceTree = "<group>";
		};
		FA2FC49B2BD4A71200CBEC53 /* GDS Hackaton */ = {
			isa = PBXGroup;
			children = (
				FA6E86722BD503BB006A2F8F /* GDS-Hackaton-Info.plist */,
				FA2FC4BD2BD4DD9B00CBEC53 /* Shared */,
				FA2FC4B22BD4BEE900CBEC53 /* Model */,
				FA2FC4AF2BD4A7F800CBEC53 /* View */,
				FA2FC4AC2BD4A75600CBEC53 /* ViewModel */,
				FA2FC4AB2BD4A75000CBEC53 /* Root */,
				FA2FC4AA2BD4A74100CBEC53 /* App */,
				FA2FC4A02BD4A71300CBEC53 /* Assets.xcassets */,
				FA2FC4A22BD4A71300CBEC53 /* Preview Content */,
			);
			path = "GDS Hackaton";
			sourceTree = "<group>";
		};
		FA2FC4A22BD4A71300CBEC53 /* Preview Content */ = {
			isa = PBXGroup;
			children = (
				FA2FC4A32BD4A71300CBEC53 /* Preview Assets.xcassets */,
			);
			path = "Preview Content";
			sourceTree = "<group>";
		};
		FA2FC4AA2BD4A74100CBEC53 /* App */ = {
			isa = PBXGroup;
			children = (
				FA2FC49C2BD4A71200CBEC53 /* GDS_HackatonApp.swift */,
			);
			path = App;
			sourceTree = "<group>";
		};
		FA2FC4AB2BD4A75000CBEC53 /* Root */ = {
			isa = PBXGroup;
			children = (
				FA2FC49E2BD4A71200CBEC53 /* ContentView.swift */,
			);
			path = Root;
			sourceTree = "<group>";
		};
		FA2FC4AC2BD4A75600CBEC53 /* ViewModel */ = {
			isa = PBXGroup;
			children = (
				FA2FC4AD2BD4A76600CBEC53 /* LocationManager.swift */,
			);
			path = ViewModel;
			sourceTree = "<group>";
		};
		FA2FC4AF2BD4A7F800CBEC53 /* View */ = {
			isa = PBXGroup;
			children = (
				FA2FC4B02BD4A81800CBEC53 /* FundamentalView.swift */,
				FA2FC4B72BD4D35F00CBEC53 /* AttractionView.swift */,
				FA2FC4B92BD4D8A200CBEC53 /* ChatView.swift */,
				FA2FC4BB2BD4D8FB00CBEC53 /* AttractionsListView.swift */,
			);
			path = View;
			sourceTree = "<group>";
		};
		FA2FC4B22BD4BEE900CBEC53 /* Model */ = {
			isa = PBXGroup;
			children = (
				FA2FC4B32BD4BEF900CBEC53 /* Message.swift */,
				FA2FC4B52BD4C08700CBEC53 /* Attraction.swift */,
			);
			path = Model;
			sourceTree = "<group>";
		};
		FA2FC4BD2BD4DD9B00CBEC53 /* Shared */ = {
			isa = PBXGroup;
			children = (
				FA2FC4BE2BD4DDA400CBEC53 /* UsefulFunctions.swift */,
			);
			path = Shared;
			sourceTree = "<group>";
		};
/* End PBXGroup section */

/* Begin PBXNativeTarget section */
		FA2FC4982BD4A71200CBEC53 /* GDS Hackaton */ = {
			isa = PBXNativeTarget;
			buildConfigurationList = FA2FC4A72BD4A71300CBEC53 /* Build configuration list for PBXNativeTarget "GDS Hackaton" */;
			buildPhases = (
				FA2FC4952BD4A71200CBEC53 /* Sources */,
				FA2FC4962BD4A71200CBEC53 /* Frameworks */,
				FA2FC4972BD4A71200CBEC53 /* Resources */,
			);
			buildRules = (
			);
			dependencies = (
			);
			name = "GDS Hackaton";
			productName = "GDS Hackaton";
			productReference = FA2FC4992BD4A71200CBEC53 /* GDS Hackaton.app */;
			productType = "com.apple.product-type.application";
		};
/* End PBXNativeTarget section */

/* Begin PBXProject section */
		FA2FC4912BD4A71200CBEC53 /* Project object */ = {
			isa = PBXProject;
			attributes = {
				BuildIndependentTargetsInParallel = 1;
				LastSwiftUpdateCheck = 1500;
				LastUpgradeCheck = 1500;
				TargetAttributes = {
					FA2FC4982BD4A71200CBEC53 = {
						CreatedOnToolsVersion = 15.0.1;
					};
				};
			};
			buildConfigurationList = FA2FC4942BD4A71200CBEC53 /* Build configuration list for PBXProject "GDS Hackaton" */;
			compatibilityVersion = "Xcode 14.0";
			developmentRegion = en;
			hasScannedForEncodings = 0;
			knownRegions = (
				en,
				Base,
			);
			mainGroup = FA2FC4902BD4A71200CBEC53;
			productRefGroup = FA2FC49A2BD4A71200CBEC53 /* Products */;
			projectDirPath = "";
			projectRoot = "";
			targets = (
				FA2FC4982BD4A71200CBEC53 /* GDS Hackaton */,
			);
		};
/* End PBXProject section */

/* Begin PBXResourcesBuildPhase section */
		FA2FC4972BD4A71200CBEC53 /* Resources */ = {
			isa = PBXResourcesBuildPhase;
			buildActionMask = 2147483647;
			files = (
				FA2FC4A42BD4A71300CBEC53 /* Preview Assets.xcassets in Resources */,
				FA2FC4A12BD4A71300CBEC53 /* Assets.xcassets in Resources */,
			);
			runOnlyForDeploymentPostprocessing = 0;
		};
/* End PBXResourcesBuildPhase section */

/* Begin PBXSourcesBuildPhase section */
		FA2FC4952BD4A71200CBEC53 /* Sources */ = {
			isa = PBXSourcesBuildPhase;
			buildActionMask = 2147483647;
			files = (
				FA2FC49F2BD4A71200CBEC53 /* ContentView.swift in Sources */,
				FA2FC49D2BD4A71200CBEC53 /* GDS_HackatonApp.swift in Sources */,
				FA2FC4B42BD4BEF900CBEC53 /* Message.swift in Sources */,
				FA2FC4BF2BD4DDA400CBEC53 /* UsefulFunctions.swift in Sources */,
				FA2FC4AE2BD4A76600CBEC53 /* LocationManager.swift in Sources */,
				FA2FC4BA2BD4D8A200CBEC53 /* ChatView.swift in Sources */,
				FA2FC4BC2BD4D8FB00CBEC53 /* AttractionsListView.swift in Sources */,
				FA2FC4B12BD4A81800CBEC53 /* FundamentalView.swift in Sources */,
				FA2FC4B82BD4D35F00CBEC53 /* AttractionView.swift in Sources */,
				FA2FC4B62BD4C08700CBEC53 /* Attraction.swift in Sources */,
			);
			runOnlyForDeploymentPostprocessing = 0;
		};
/* End PBXSourcesBuildPhase section */

/* Begin XCBuildConfiguration section */
		FA2FC4A52BD4A71300CBEC53 /* Debug */ = {
			isa = XCBuildConfiguration;
			buildSettings = {
				ALWAYS_SEARCH_USER_PATHS = NO;
				ASSETCATALOG_COMPILER_GENERATE_SWIFT_ASSET_SYMBOL_EXTENSIONS = YES;
				CLANG_ANALYZER_NONNULL = YES;
				CLANG_ANALYZER_NUMBER_OBJECT_CONVERSION = YES_AGGRESSIVE;
				CLANG_CXX_LANGUAGE_STANDARD = "gnu++20";
				CLANG_ENABLE_MODULES = YES;
				CLANG_ENABLE_OBJC_ARC = YES;
				CLANG_ENABLE_OBJC_WEAK = YES;
				CLANG_WARN_BLOCK_CAPTURE_AUTORELEASING = YES;
				CLANG_WARN_BOOL_CONVERSION = YES;
				CLANG_WARN_COMMA = YES;
				CLANG_WARN_CONSTANT_CONVERSION = YES;
				CLANG_WARN_DEPRECATED_OBJC_IMPLEMENTATIONS = YES;
				CLANG_WARN_DIRECT_OBJC_ISA_USAGE = YES_ERROR;
				CLANG_WARN_DOCUMENTATION_COMMENTS = YES;
				CLANG_WARN_EMPTY_BODY = YES;
				CLANG_WARN_ENUM_CONVERSION = YES;
				CLANG_WARN_INFINITE_RECURSION = YES;
				CLANG_WARN_INT_CONVERSION = YES;
				CLANG_WARN_NON_LITERAL_NULL_CONVERSION = YES;
				CLANG_WARN_OBJC_IMPLICIT_RETAIN_SELF = YES;
				CLANG_WARN_OBJC_LITERAL_CONVERSION = YES;
				CLANG_WARN_OBJC_ROOT_CLASS = YES_ERROR;
				CLANG_WARN_QUOTED_INCLUDE_IN_FRAMEWORK_HEADER = YES;
				CLANG_WARN_RANGE_LOOP_ANALYSIS = YES;
				CLANG_WARN_STRICT_PROTOTYPES = YES;
				CLANG_WARN_SUSPICIOUS_MOVE = YES;
				CLANG_WARN_UNGUARDED_AVAILABILITY = YES_AGGRESSIVE;
				CLANG_WARN_UNREACHABLE_CODE = YES;
				CLANG_WARN__DUPLICATE_METHOD_MATCH = YES;
				COPY_PHASE_STRIP = NO;
				DEBUG_INFORMATION_FORMAT = dwarf;
				ENABLE_STRICT_OBJC_MSGSEND = YES;
				ENABLE_TESTABILITY = YES;
				ENABLE_USER_SCRIPT_SANDBOXING = YES;
				GCC_C_LANGUAGE_STANDARD = gnu17;
				GCC_DYNAMIC_NO_PIC = NO;
				GCC_NO_COMMON_BLOCKS = YES;
				GCC_OPTIMIZATION_LEVEL = 0;
				GCC_PREPROCESSOR_DEFINITIONS = (
					"DEBUG=1",
					"$(inherited)",
				);
				GCC_WARN_64_TO_32_BIT_CONVERSION = YES;
				GCC_WARN_ABOUT_RETURN_TYPE = YES_ERROR;
				GCC_WARN_UNDECLARED_SELECTOR = YES;
				GCC_WARN_UNINITIALIZED_AUTOS = YES_AGGRESSIVE;
				GCC_WARN_UNUSED_FUNCTION = YES;
				GCC_WARN_UNUSED_VARIABLE = YES;
				IPHONEOS_DEPLOYMENT_TARGET = 17.0;
				LOCALIZATION_PREFERS_STRING_CATALOGS = YES;
				MTL_ENABLE_DEBUG_INFO = INCLUDE_SOURCE;
				MTL_FAST_MATH = YES;
				ONLY_ACTIVE_ARCH = YES;
				SDKROOT = iphoneos;
				SWIFT_ACTIVE_COMPILATION_CONDITIONS = "DEBUG $(inherited)";
				SWIFT_OPTIMIZATION_LEVEL = "-Onone";
			};
			name = Debug;
		};
		FA2FC4A62BD4A71300CBEC53 /* Release */ = {
			isa = XCBuildConfiguration;
			buildSettings = {
				ALWAYS_SEARCH_USER_PATHS = NO;
				ASSETCATALOG_COMPILER_GENERATE_SWIFT_ASSET_SYMBOL_EXTENSIONS = YES;
				CLANG_ANALYZER_NONNULL = YES;
				CLANG_ANALYZER_NUMBER_OBJECT_CONVERSION = YES_AGGRESSIVE;
				CLANG_CXX_LANGUAGE_STANDARD = "gnu++20";
				CLANG_ENABLE_MODULES = YES;
				CLANG_ENABLE_OBJC_ARC = YES;
				CLANG_ENABLE_OBJC_WEAK = YES;
				CLANG_WARN_BLOCK_CAPTURE_AUTORELEASING = YES;
				CLANG_WARN_BOOL_CONVERSION = YES;
				CLANG_WARN_COMMA = YES;
				CLANG_WARN_CONSTANT_CONVERSION = YES;
				CLANG_WARN_DEPRECATED_OBJC_IMPLEMENTATIONS = YES;
				CLANG_WARN_DIRECT_OBJC_ISA_USAGE = YES_ERROR;
				CLANG_WARN_DOCUMENTATION_COMMENTS = YES;
				CLANG_WARN_EMPTY_BODY = YES;
				CLANG_WARN_ENUM_CONVERSION = YES;
				CLANG_WARN_INFINITE_RECURSION = YES;
				CLANG_WARN_INT_CONVERSION = YES;
				CLANG_WARN_NON_LITERAL_NULL_CONVERSION = YES;
				CLANG_WARN_OBJC_IMPLICIT_RETAIN_SELF = YES;
				CLANG_WARN_OBJC_LITERAL_CONVERSION = YES;
				CLANG_WARN_OBJC_ROOT_CLASS = YES_ERROR;
				CLANG_WARN_QUOTED_INCLUDE_IN_FRAMEWORK_HEADER = YES;
				CLANG_WARN_RANGE_LOOP_ANALYSIS = YES;
				CLANG_WARN_STRICT_PROTOTYPES = YES;
				CLANG_WARN_SUSPICIOUS_MOVE = YES;
				CLANG_WARN_UNGUARDED_AVAILABILITY = YES_AGGRESSIVE;
				CLANG_WARN_UNREACHABLE_CODE = YES;
				CLANG_WARN__DUPLICATE_METHOD_MATCH = YES;
				COPY_PHASE_STRIP = NO;
				DEBUG_INFORMATION_FORMAT = "dwarf-with-dsym";
				ENABLE_NS_ASSERTIONS = NO;
				ENABLE_STRICT_OBJC_MSGSEND = YES;
				ENABLE_USER_SCRIPT_SANDBOXING = YES;
				GCC_C_LANGUAGE_STANDARD = gnu17;
				GCC_NO_COMMON_BLOCKS = YES;
				GCC_WARN_64_TO_32_BIT_CONVERSION = YES;
				GCC_WARN_ABOUT_RETURN_TYPE = YES_ERROR;
				GCC_WARN_UNDECLARED_SELECTOR = YES;
				GCC_WARN_UNINITIALIZED_AUTOS = YES_AGGRESSIVE;
				GCC_WARN_UNUSED_FUNCTION = YES;
				GCC_WARN_UNUSED_VARIABLE = YES;
				IPHONEOS_DEPLOYMENT_TARGET = 17.0;
				LOCALIZATION_PREFERS_STRING_CATALOGS = YES;
				MTL_ENABLE_DEBUG_INFO = NO;
				MTL_FAST_MATH = YES;
				SDKROOT = iphoneos;
				SWIFT_COMPILATION_MODE = wholemodule;
				VALIDATE_PRODUCT = YES;
			};
			name = Release;
		};
		FA2FC4A82BD4A71300CBEC53 /* Debug */ = {
			isa = XCBuildConfiguration;
			buildSettings = {
				ASSETCATALOG_COMPILER_APPICON_NAME = AppIcon;
				ASSETCATALOG_COMPILER_GLOBAL_ACCENT_COLOR_NAME = AccentColor;
				CODE_SIGN_STYLE = Automatic;
				CURRENT_PROJECT_VERSION = 1;
				DEVELOPMENT_ASSET_PATHS = "\"GDS Hackaton/Preview Content\"";
				DEVELOPMENT_TEAM = MD7V5M4R8C;
				ENABLE_PREVIEWS = YES;
				GENERATE_INFOPLIST_FILE = YES;
				INFOPLIST_FILE = "GDS-Hackaton-Info.plist";
				INFOPLIST_KEY_NSLocationAlwaysAndWhenInUseUsageDescription = "Разрешите доступ к геопозиции, иначе приложение не сможет рассчитывать расстояние до нужных вам сервисов.";
				INFOPLIST_KEY_NSLocationAlwaysUsageDescription = "Разрешите доступ к геопозиции, иначе приложение не сможет рассчитывать расстояние до нужных вам сервисов.";
				INFOPLIST_KEY_NSLocationUsageDescription = "Разрешите доступ к геопозиции, иначе приложение не сможет рассчитывать расстояние до нужных вам сервисов.";
				INFOPLIST_KEY_NSLocationWhenInUseUsageDescription = "Разрешите доступ к геопозиции, иначе приложение не сможет рассчитывать расстояние до нужных вам сервисов.";
				INFOPLIST_KEY_UIApplicationSceneManifest_Generation = YES;
				INFOPLIST_KEY_UIApplicationSupportsIndirectInputEvents = YES;
				INFOPLIST_KEY_UILaunchScreen_Generation = YES;
				INFOPLIST_KEY_UISupportedInterfaceOrientations_iPad = "UIInterfaceOrientationPortrait UIInterfaceOrientationPortraitUpsideDown UIInterfaceOrientationLandscapeLeft UIInterfaceOrientationLandscapeRight";
				INFOPLIST_KEY_UISupportedInterfaceOrientations_iPhone = "UIInterfaceOrientationPortrait UIInterfaceOrientationLandscapeLeft UIInterfaceOrientationLandscapeRight";
				LD_RUNPATH_SEARCH_PATHS = (
					"$(inherited)",
					"@executable_path/Frameworks",
				);
				MARKETING_VERSION = 1.0;
				PRODUCT_BUNDLE_IDENTIFIER = "self.edu.GDS-Hackaton";
				PRODUCT_NAME = "$(TARGET_NAME)";
				SWIFT_EMIT_LOC_STRINGS = YES;
				SWIFT_VERSION = 5.0;
				TARGETED_DEVICE_FAMILY = "1,2";
			};
			name = Debug;
		};
		FA2FC4A92BD4A71300CBEC53 /* Release */ = {
			isa = XCBuildConfiguration;
			buildSettings = {
				ASSETCATALOG_COMPILER_APPICON_NAME = AppIcon;
				ASSETCATALOG_COMPILER_GLOBAL_ACCENT_COLOR_NAME = AccentColor;
				CODE_SIGN_STYLE = Automatic;
				CURRENT_PROJECT_VERSION = 1;
				DEVELOPMENT_ASSET_PATHS = "\"GDS Hackaton/Preview Content\"";
				DEVELOPMENT_TEAM = MD7V5M4R8C;
				ENABLE_PREVIEWS = YES;
				GENERATE_INFOPLIST_FILE = YES;
				INFOPLIST_FILE = "GDS-Hackaton-Info.plist";
				INFOPLIST_KEY_NSLocationAlwaysAndWhenInUseUsageDescription = "Разрешите доступ к геопозиции, иначе приложение не сможет рассчитывать расстояние до нужных вам сервисов.";
				INFOPLIST_KEY_NSLocationAlwaysUsageDescription = "Разрешите доступ к геопозиции, иначе приложение не сможет рассчитывать расстояние до нужных вам сервисов.";
				INFOPLIST_KEY_NSLocationUsageDescription = "Разрешите доступ к геопозиции, иначе приложение не сможет рассчитывать расстояние до нужных вам сервисов.";
				INFOPLIST_KEY_NSLocationWhenInUseUsageDescription = "Разрешите доступ к геопозиции, иначе приложение не сможет рассчитывать расстояние до нужных вам сервисов.";
				INFOPLIST_KEY_UIApplicationSceneManifest_Generation = YES;
				INFOPLIST_KEY_UIApplicationSupportsIndirectInputEvents = YES;
				INFOPLIST_KEY_UILaunchScreen_Generation = YES;
				INFOPLIST_KEY_UISupportedInterfaceOrientations_iPad = "UIInterfaceOrientationPortrait UIInterfaceOrientationPortraitUpsideDown UIInterfaceOrientationLandscapeLeft UIInterfaceOrientationLandscapeRight";
				INFOPLIST_KEY_UISupportedInterfaceOrientations_iPhone = "UIInterfaceOrientationPortrait UIInterfaceOrientationLandscapeLeft UIInterfaceOrientationLandscapeRight";
				LD_RUNPATH_SEARCH_PATHS = (
					"$(inherited)",
					"@executable_path/Frameworks",
				);
				MARKETING_VERSION = 1.0;
				PRODUCT_BUNDLE_IDENTIFIER = "self.edu.GDS-Hackaton";
				PRODUCT_NAME = "$(TARGET_NAME)";
				SWIFT_EMIT_LOC_STRINGS = YES;
				SWIFT_VERSION = 5.0;
				TARGETED_DEVICE_FAMILY = "1,2";
			};
			name = Release;
		};
/* End XCBuildConfiguration section */

/* Begin XCConfigurationList section */
		FA2FC4942BD4A71200CBEC53 /* Build configuration list for PBXProject "GDS Hackaton" */ = {
			isa = XCConfigurationList;
			buildConfigurations = (
				FA2FC4A52BD4A71300CBEC53 /* Debug */,
				FA2FC4A62BD4A71300CBEC53 /* Release */,
			);
			defaultConfigurationIsVisible = 0;
			defaultConfigurationName = Release;
		};
		FA2FC4A72BD4A71300CBEC53 /* Build configuration list for PBXNativeTarget "GDS Hackaton" */ = {
			isa = XCConfigurationList;
			buildConfigurations = (
				FA2FC4A82BD4A71300CBEC53 /* Debug */,
				FA2FC4A92BD4A71300CBEC53 /* Release */,
			);
			defaultConfigurationIsVisible = 0;
			defaultConfigurationName = Release;
		};
/* End XCConfigurationList section */
	};
	rootObject = FA2FC4912BD4A71200CBEC53 /* Project object */;
}
